// !$*UTF8*$!
{
	archiveVersion = 1;
	classes = {
	};
	objectVersion = 50;
	objects = {

/* Begin PBXBuildFile section */
		ACBBD545261A928900A7616D /* AppDelegate.m in Sources */ = {isa = PBXBuildFile; fileRef = ACBBD544261A928900A7616D /* AppDelegate.m */; };
		ACBBD548261A928900A7616D /* SceneDelegate.m in Sources */ = {isa = PBXBuildFile; fileRef = ACBBD547261A928900A7616D /* SceneDelegate.m */; };
		ACBBD54B261A928900A7616D /* ViewController.m in Sources */ = {isa = PBXBuildFile; fileRef = ACBBD54A261A928900A7616D /* ViewController.m */; };
		ACBBD54E261A928900A7616D /* Main.storyboard in Resources */ = {isa = PBXBuildFile; fileRef = ACBBD54C261A928900A7616D /* Main.storyboard */; };
		ACBBD550261A928A00A7616D /* Assets.xcassets in Resources */ = {isa = PBXBuildFile; fileRef = ACBBD54F261A928A00A7616D /* Assets.xcassets */; };
		ACBBD553261A928A00A7616D /* LaunchScreen.storyboard in Resources */ = {isa = PBXBuildFile; fileRef = ACBBD551261A928A00A7616D /* LaunchScreen.storyboard */; };
		ACBBD556261A928A00A7616D /* main.m in Sources */ = {isa = PBXBuildFile; fileRef = ACBBD555261A928A00A7616D /* main.m */; };
/* End PBXBuildFile section */

/* Begin PBXFileReference section */
		ACBBD540261A928900A7616D /* SwipeBack.app */ = {isa = PBXFileReference; explicitFileType = wrapper.application; includeInIndex = 0; path = SwipeBack.app; sourceTree = BUILT_PRODUCTS_DIR; };
		ACBBD543261A928900A7616D /* AppDelegate.h */ = {isa = PBXFileReference; lastKnownFileType = sourcecode.c.h; path = AppDelegate.h; sourceTree = "<group>"; };
		ACBBD544261A928900A7616D /* AppDelegate.m */ = {isa = PBXFileReference; lastKnownFileType = sourcecode.c.objc; path = AppDelegate.m; sourceTree = "<group>"; };
		ACBBD546261A928900A7616D /* SceneDelegate.h */ = {isa = PBXFileReference; lastKnownFileType = sourcecode.c.h; path = SceneDelegate.h; sourceTree = "<group>"; };
		ACBBD547261A928900A7616D /* SceneDelegate.m */ = {isa = PBXFileReference; lastKnownFileType = sourcecode.c.objc; path = SceneDelegate.m; sourceTree = "<group>"; };
		ACBBD549261A928900A7616D /* ViewController.h */ = {isa = PBXFileReference; lastKnownFileType = sourcecode.c.h; path = ViewController.h; sourceTree = "<group>"; };
		ACBBD54A261A928900A7616D /* ViewController.m */ = {isa = PBXFileReference; lastKnownFileType = sourcecode.c.objc; path = ViewController.m; sourceTree = "<group>"; };
		ACBBD54D261A928900A7616D /* Base */ = {isa = PBXFileReference; lastKnownFileType = file.storyboard; name = Base; path = Base.lproj/Main.storyboard; sourceTree = "<group>"; };
		ACBBD54F261A928A00A7616D /* Assets.xcassets */ = {isa = PBXFileReference; lastKnownFileType = folder.assetcatalog; path = Assets.xcassets; sourceTree = "<group>"; };
		ACBBD552261A928A00A7616D /* Base */ = {isa = PBXFileReference; lastKnownFileType = file.storyboard; name = Base; path = Base.lproj/LaunchScreen.storyboard; sourceTree = "<group>"; };
		ACBBD554261A928A00A7616D /* Info.plist */ = {isa = PBXFileReference; lastKnownFileType = text.plist.xml; path = Info.plist; sourceTree = "<group>"; };
		ACBBD555261A928A00A7616D /* main.m */ = {isa = PBXFileReference; lastKnownFileType = sourcecode.c.objc; path = main.m; sourceTree = "<group>"; };
/* End PBXFileReference section */

/* Begin PBXFrameworksBuildPhase section */
		ACBBD53D261A928900A7616D /* Frameworks */ = {
			isa = PBXFrameworksBuildPhase;
			buildActionMask = 2147483647;
			files = (
			);
			runOnlyForDeploymentPostprocessing = 0;
		};
/* End PBXFrameworksBuildPhase section */

/* Begin PBXGroup section */
		ACBBD537261A928900A7616D = {
			isa = PBXGroup;
			children = (
				ACBBD542261A928900A7616D /* SwipeBack */,
				ACBBD541261A928900A7616D /* Products */,
			);
			sourceTree = "<group>";
		};
		ACBBD541261A928900A7616D /* Products */ = {
			isa = PBXGroup;
			children = (
				ACBBD540261A928900A7616D /* SwipeBack.app */,
			);
			name = Products;
			sourceTree = "<group>";
		};
		ACBBD542261A928900A7616D /* SwipeBack */ = {
			isa = PBXGroup;
			children = (
				ACBBD543261A928900A7616D /* AppDelegate.h */,
				ACBBD544261A928900A7616D /* AppDelegate.m */,
				ACBBD546261A928900A7616D /* SceneDelegate.h */,
				ACBBD547261A928900A7616D /* SceneDelegate.m */,
				ACBBD549261A928900A7616D /* ViewController.h */,
				ACBBD54A261A928900A7616D /* ViewController.m */,
				ACBBD54C261A928900A7616D /* Main.storyboard */,
				ACBBD54F261A928A00A7616D /* Assets.xcassets */,
				ACBBD551261A928A00A7616D /* LaunchScreen.storyboard */,
				ACBBD554261A928A00A7616D /* Info.plist */,
				ACBBD555261A928A00A7616D /* main.m */,
			);
			path = SwipeBack;
			sourceTree = "<group>";
		};
/* End PBXGroup section */

/* Begin PBXNativeTarget section */
		ACBBD53F261A928900A7616D /* SwipeBack */ = {
			isa = PBXNativeTarget;
			buildConfigurationList = ACBBD559261A928A00A7616D /* Build configuration list for PBXNativeTarget "SwipeBack" */;
			buildPhases = (
				ACBBD53C261A928900A7616D /* Sources */,
				ACBBD53D261A928900A7616D /* Frameworks */,
				ACBBD53E261A928900A7616D /* Resources */,
			);
			buildRules = (
			);
			dependencies = (
			);
			name = SwipeBack;
			productName = SwipeBack;
			productReference = ACBBD540261A928900A7616D /* SwipeBack.app */;
			productType = "com.apple.product-type.application";
		};
/* End PBXNativeTarget section */

/* Begin PBXProject section */
		ACBBD538261A928900A7616D /* Project object */ = {
			isa = PBXProject;
			attributes = {
				LastUpgradeCheck = 1240;
				TargetAttributes = {
					ACBBD53F261A928900A7616D = {
						CreatedOnToolsVersion = 12.4;
					};
				};
			};
			buildConfigurationList = ACBBD53B261A928900A7616D /* Build configuration list for PBXProject "SwipeBack" */;
			compatibilityVersion = "Xcode 9.3";
			developmentRegion = en;
			hasScannedForEncodings = 0;
			knownRegions = (
				en,
				Base,
			);
			mainGroup = ACBBD537261A928900A7616D;
			productRefGroup = ACBBD541261A928900A7616D /* Products */;
			projectDirPath = "";
			projectRoot = "";
			targets = (
				ACBBD53F261A928900A7616D /* SwipeBack */,
			);
		};
/* End PBXProject section */

/* Begin PBXResourcesBuildPhase section */
		ACBBD53E261A928900A7616D /* Resources */ = {
			isa = PBXResourcesBuildPhase;
			buildActionMask = 2147483647;
			files = (
				ACBBD553261A928A00A7616D /* LaunchScreen.storyboard in Resources */,
				ACBBD550261A928A00A7616D /* Assets.xcassets in Resources */,
				ACBBD54E261A928900A7616D /* Main.storyboard in Resources */,
			);
			runOnlyForDeploymentPostprocessing = 0;
		};
/* End PBXResourcesBuildPhase section */

/* Begin PBXSourcesBuildPhase section */
		ACBBD53C261A928900A7616D /* Sources */ = {
			isa = PBXSourcesBuildPhase;
			buildActionMask = 2147483647;
			files = (
				ACBBD54B261A928900A7616D /* ViewController.m in Sources */,
				ACBBD545261A928900A7616D /* AppDelegate.m in Sources */,
				ACBBD556261A928A00A7616D /* main.m in Sources */,
				ACBBD548261A928900A7616D /* SceneDelegate.m in Sources */,
			);
			runOnlyForDeploymentPostprocessing = 0;
		};
/* End PBXSourcesBuildPhase section */

/* Begin PBXVariantGroup section */
		ACBBD54C261A928900A7616D /* Main.storyboard */ = {
			isa = PBXVariantGroup;
			children = (
				ACBBD54D261A928900A7616D /* Base */,
			);
			name = Main.storyboard;
			sourceTree = "<group>";
		};
		ACBBD551261A928A00A7616D /* LaunchScreen.storyboard */ = {
			isa = PBXVariantGroup;
			children = (
				ACBBD552261A928A00A7616D /* Base */,
			);
			name = LaunchScreen.storyboard;
			sourceTree = "<group>";
		};
/* End PBXVariantGroup section */

/* Begin XCBuildConfiguration section */
		ACBBD557261A928A00A7616D /* Debug */ = {
			isa = XCBuildConfiguration;
			buildSettings = {
				ALWAYS_SEARCH_USER_PATHS = NO;
				CLANG_ANALYZER_NONNULL = YES;
				CLANG_ANALYZER_NUMBER_OBJECT_CONVERSION = YES_AGGRESSIVE;
				CLANG_CXX_LANGUAGE_STANDARD = "gnu++14";
				CLANG_CXX_LIBRARY = "libc++";
				CLANG_ENABLE_MODULES = YES;
				CLANG_ENABLE_OBJC_ARC = YES;
				CLANG_ENABLE_OBJC_WEAK = YES;
				CLANG_WARN_BLOCK_CAPTURE_AUTORELEASING = YES;
				CLANG_WARN_BOOL_CONVERSION = YES;
				CLANG_WARN_COMMA = YES;
				CLANG_WARN_CONSTANT_CONVERSION = YES;
				CLANG_WARN_DEPRECATED_OBJC_IMPLEMENTATIONS = YES;
				CLANG_WARN_DIRECT_OBJC_ISA_USAGE = YES_ERROR;
				CLANG_WARN_DOCUMENTATION_COMMENTS = YES;
				CLANG_WARN_EMPTY_BODY = YES;
				CLANG_WARN_ENUM_CONVERSION = YES;
				CLANG_WARN_INFINITE_RECURSION = YES;
				CLANG_WARN_INT_CONVERSION = YES;
				CLANG_WARN_NON_LITERAL_NULL_CONVERSION = YES;
				CLANG_WARN_OBJC_IMPLICIT_RETAIN_SELF = YES;
				CLANG_WARN_OBJC_LITERAL_CONVERSION = YES;
				CLANG_WARN_OBJC_ROOT_CLASS = YES_ERROR;
				CLANG_WARN_QUOTED_INCLUDE_IN_FRAMEWORK_HEADER = YES;
				CLANG_WARN_RANGE_LOOP_ANALYSIS = YES;
				CLANG_WARN_STRICT_PROTOTYPES = YES;
				CLANG_WARN_SUSPICIOUS_MOVE = YES;
				CLANG_WARN_UNGUARDED_AVAILABILITY = YES_AGGRESSIVE;
				CLANG_WARN_UNREACHABLE_CODE = YES;
				CLANG_WARN__DUPLICATE_METHOD_MATCH = YES;
				COPY_PHASE_STRIP = NO;
				DEBUG_INFORMATION_FORMAT = dwarf;
				ENABLE_STRICT_OBJC_MSGSEND = YES;
				ENABLE_TESTABILITY = YES;
				GCC_C_LANGUAGE_STANDARD = gnu11;
				GCC_DYNAMIC_NO_PIC = NO;
				GCC_NO_COMMON_BLOCKS = YES;
				GCC_OPTIMIZATION_LEVEL = 0;
				GCC_PREPROCESSOR_DEFINITIONS = (
					"DEBUG=1",
					"$(inherited)",
				);
				GCC_WARN_64_TO_32_BIT_CONVERSION = YES;
				GCC_WARN_ABOUT_RETURN_TYPE = YES_ERROR;
				GCC_WARN_UNDECLARED_SELECTOR = YES;
				GCC_WARN_UNINITIALIZED_AUTOS = YES_AGGRESSIVE;
				GCC_WARN_UNUSED_FUNCTION = YES;
				GCC_WARN_UNUSED_VARIABLE = YES;
				IPHONEOS_DEPLOYMENT_TARGET = 14.4;
				MTL_ENABLE_DEBUG_INFO = INCLUDE_SOURCE;
				MTL_FAST_MATH = YES;
				ONLY_ACTIVE_ARCH = YES;
				SDKROOT = iphoneos;
			};
			name = Debug;
		};
		ACBBD558261A928A00A7616D /* Release */ = {
			isa = XCBuildConfiguration;
			buildSettings = {
				ALWAYS_SEARCH_USER_PATHS = NO;
				CLANG_ANALYZER_NONNULL = YES;
				CLANG_ANALYZER_NUMBER_OBJECT_CONVERSION = YES_AGGRESSIVE;
				CLANG_CXX_LANGUAGE_STANDARD = "gnu++14";
				CLANG_CXX_LIBRARY = "libc++";
				CLANG_ENABLE_MODULES = YES;
				CLANG_ENABLE_OBJC_ARC = YES;
				CLANG_ENABLE_OBJC_WEAK = YES;
				CLANG_WARN_BLOCK_CAPTURE_AUTORELEASING = YES;
				CLANG_WARN_BOOL_CONVERSION = YES;
				CLANG_WARN_COMMA = YES;
				CLANG_WARN_CONSTANT_CONVERSION = YES;
				CLANG_WARN_DEPRECATED_OBJC_IMPLEMENTATIONS = YES;
				CLANG_WARN_DIRECT_OBJC_ISA_USAGE = YES_ERROR;
				CLANG_WARN_DOCUMENTATION_COMMENTS = YES;
				CLANG_WARN_EMPTY_BODY = YES;
				CLANG_WARN_ENUM_CONVERSION = YES;
				CLANG_WARN_INFINITE_RECURSION = YES;
				CLANG_WARN_INT_CONVERSION = YES;
				CLANG_WARN_NON_LITERAL_NULL_CONVERSION = YES;
				CLANG_WARN_OBJC_IMPLICIT_RETAIN_SELF = YES;
				CLANG_WARN_OBJC_LITERAL_CONVERSION = YES;
				CLANG_WARN_OBJC_ROOT_CLASS = YES_ERROR;
				CLANG_WARN_QUOTED_INCLUDE_IN_FRAMEWORK_HEADER = YES;
				CLANG_WARN_RANGE_LOOP_ANALYSIS = YES;
				CLANG_WARN_STRICT_PROTOTYPES = YES;
				CLANG_WARN_SUSPICIOUS_MOVE = YES;
				CLANG_WARN_UNGUARDED_AVAILABILITY = YES_AGGRESSIVE;
				CLANG_WARN_UNREACHABLE_CODE = YES;
				CLANG_WARN__DUPLICATE_METHOD_MATCH = YES;
				COPY_PHASE_STRIP = NO;
				DEBUG_INFORMATION_FORMAT = "dwarf-with-dsym";
				ENABLE_NS_ASSERTIONS = NO;
				ENABLE_STRICT_OBJC_MSGSEND = YES;
				GCC_C_LANGUAGE_STANDARD = gnu11;
				GCC_NO_COMMON_BLOCKS = YES;
				GCC_WARN_64_TO_32_BIT_CONVERSION = YES;
				GCC_WARN_ABOUT_RETURN_TYPE = YES_ERROR;
				GCC_WARN_UNDECLARED_SELECTOR = YES;
				GCC_WARN_UNINITIALIZED_AUTOS = YES_AGGRESSIVE;
				GCC_WARN_UNUSED_FUNCTION = YES;
				GCC_WARN_UNUSED_VARIABLE = YES;
				IPHONEOS_DEPLOYMENT_TARGET = 14.4;
				MTL_ENABLE_DEBUG_INFO = NO;
				MTL_FAST_MATH = YES;
				SDKROOT = iphoneos;
				VALIDATE_PRODUCT = YES;
			};
			name = Release;
		};
		ACBBD55A261A928A00A7616D /* Debug */ = {
			isa = XCBuildConfiguration;
			buildSettings = {
				ASSETCATALOG_COMPILER_APPICON_NAME = AppIcon;
				ASSETCATALOG_COMPILER_GLOBAL_ACCENT_COLOR_NAME = AccentColor;
				CODE_SIGN_STYLE = Automatic;
				DEVELOPMENT_TEAM = 6S695B8W8E;
				INFOPLIST_FILE = SwipeBack/Info.plist;
				LD_RUNPATH_SEARCH_PATHS = (
					"$(inherited)",
					"@executable_path/Frameworks",
				);
				PRODUCT_BUNDLE_IDENTIFIER = com.test.lituo.SwipeBack;
				PRODUCT_NAME = "$(TARGET_NAME)";
				TARGETED_DEVICE_FAMILY = "1,2";
			};
			name = Debug;
		};
		ACBBD55B261A928A00A7616D /* Release */ = {
			isa = XCBuildConfiguration;
			buildSettings = {
				ASSETCATALOG_COMPILER_APPICON_NAME = AppIcon;
				ASSETCATALOG_COMPILER_GLOBAL_ACCENT_COLOR_NAME = AccentColor;
				CODE_SIGN_STYLE = Automatic;
				DEVELOPMENT_TEAM = 6S695B8W8E;
				INFOPLIST_FILE = SwipeBack/Info.plist;
				LD_RUNPATH_SEARCH_PATHS = (
					"$(inherited)",
					"@executable_path/Frameworks",
				);
				PRODUCT_BUNDLE_IDENTIFIER = com.test.lituo.SwipeBack;
				PRODUCT_NAME = "$(TARGET_NAME)";
				TARGETED_DEVICE_FAMILY = "1,2";
			};
			name = Release;
		};
/* End XCBuildConfiguration section */

/* Begin XCConfigurationList section */
		ACBBD53B261A928900A7616D /* Build configuration list for PBXProject "SwipeBack" */ = {
			isa = XCConfigurationList;
			buildConfigurations = (
				ACBBD557261A928A00A7616D /* Debug */,
				ACBBD558261A928A00A7616D /* Release */,
			);
			defaultConfigurationIsVisible = 0;
			defaultConfigurationName = Release;
		};
		ACBBD559261A928A00A7616D /* Build configuration list for PBXNativeTarget "SwipeBack" */ = {
			isa = XCConfigurationList;
			buildConfigurations = (
				ACBBD55A261A928A00A7616D /* Debug */,
				ACBBD55B261A928A00A7616D /* Release */,
			);
			defaultConfigurationIsVisible = 0;
			defaultConfigurationName = Release;
		};
/* End XCConfigurationList section */
	};
	rootObject = ACBBD538261A928900A7616D /* Project object */;
}
